// !$*UTF8*$!
{
	archiveVersion = 1;
	classes = {
	};
	objectVersion = 48;
	objects = {

/* Begin PBXBuildFile section */
		D20B2DB720309C1D003E37ED /* ProductTests.swift in Sources */ = {isa = PBXBuildFile; fileRef = D20B2DB620309C1D003E37ED /* ProductTests.swift */; };
		D20B2DBB2030A266003E37ED /* MoneyTests.swift in Sources */ = {isa = PBXBuildFile; fileRef = D20B2DBA2030A266003E37ED /* MoneyTests.swift */; };
		D20EBACB202B976A007B699C /* NetworkingError.swift in Sources */ = {isa = PBXBuildFile; fileRef = D20EBACA202B976A007B699C /* NetworkingError.swift */; };
		D20EBAD0202B9B0E007B699C /* Localizable.strings in Resources */ = {isa = PBXBuildFile; fileRef = D20EBAD3202B9B0E007B699C /* Localizable.strings */; };
		D20EBAE1202B9F60007B699C /* ProductListViewController.swift in Sources */ = {isa = PBXBuildFile; fileRef = D20EBAE0202B9F60007B699C /* ProductListViewController.swift */; };
		D20EBAE5202B9FD2007B699C /* UITableViewCell+Identifier.swift in Sources */ = {isa = PBXBuildFile; fileRef = D20EBAE4202B9FD2007B699C /* UITableViewCell+Identifier.swift */; };
		D2153152202A3C1400F1879D /* AppDelegate.swift in Sources */ = {isa = PBXBuildFile; fileRef = D2153151202A3C1400F1879D /* AppDelegate.swift */; };
		D2153157202A3C1400F1879D /* Main.storyboard in Resources */ = {isa = PBXBuildFile; fileRef = D2153155202A3C1400F1879D /* Main.storyboard */; };
		D2153159202A3C1400F1879D /* Assets.xcassets in Resources */ = {isa = PBXBuildFile; fileRef = D2153158202A3C1400F1879D /* Assets.xcassets */; };
		D215315C202A3C1400F1879D /* LaunchScreen.storyboard in Resources */ = {isa = PBXBuildFile; fileRef = D215315A202A3C1400F1879D /* LaunchScreen.storyboard */; };
		D215317F202A5D5800F1879D /* Product.swift in Sources */ = {isa = PBXBuildFile; fileRef = D215317E202A5D5800F1879D /* Product.swift */; };
		D2153182202A5DA400F1879D /* Currency.swift in Sources */ = {isa = PBXBuildFile; fileRef = D2153181202A5DA400F1879D /* Currency.swift */; };
		D2153185202A5E2100F1879D /* Money.swift in Sources */ = {isa = PBXBuildFile; fileRef = D2153184202A5E2100F1879D /* Money.swift */; };
		D2153188202A5EF400F1879D /* Basket.swift in Sources */ = {isa = PBXBuildFile; fileRef = D2153187202A5EF400F1879D /* Basket.swift */; };
		D2311CCC203086B500C047EA /* BasketTests.swift in Sources */ = {isa = PBXBuildFile; fileRef = D2311CCB203086B500C047EA /* BasketTests.swift */; };
		D23B704A202CE22D00735E6D /* UIFont+ShoppingBasket.swift in Sources */ = {isa = PBXBuildFile; fileRef = D23B7049202CE22D00735E6D /* UIFont+ShoppingBasket.swift */; };
		D23B704E202CE47500735E6D /* UIColor+ShoppingBasket.swift in Sources */ = {isa = PBXBuildFile; fileRef = D23B704D202CE47500735E6D /* UIColor+ShoppingBasket.swift */; };
		D23B7051202CE70D00735E6D /* UINavigationItem+AttributedTitle.swift in Sources */ = {isa = PBXBuildFile; fileRef = D23B7050202CE70D00735E6D /* UINavigationItem+AttributedTitle.swift */; };
		D23B7054202CEF3700735E6D /* Money+toString.swift in Sources */ = {isa = PBXBuildFile; fileRef = D23B7053202CEF3700735E6D /* Money+toString.swift */; };
		D25060AA202F5260007641C9 /* CheckoutTableViewCell.swift in Sources */ = {isa = PBXBuildFile; fileRef = D25060A9202F5260007641C9 /* CheckoutTableViewCell.swift */; };
		D25060AD202F5278007641C9 /* CheckoutTableViewCell.xib in Resources */ = {isa = PBXBuildFile; fileRef = D25060AC202F5278007641C9 /* CheckoutTableViewCell.xib */; };
		D27CF68D202E3FF700C0360E /* ProductTableView.swift in Sources */ = {isa = PBXBuildFile; fileRef = D27CF688202E3FF700C0360E /* ProductTableView.swift */; };
		D27CF68F202E3FF800C0360E /* ProductTableViewCell.swift in Sources */ = {isa = PBXBuildFile; fileRef = D27CF68A202E3FF700C0360E /* ProductTableViewCell.swift */; };
		D27CF691202E3FF800C0360E /* ProductTableViewCell.xib in Resources */ = {isa = PBXBuildFile; fileRef = D27CF68B202E3FF700C0360E /* ProductTableViewCell.xib */; };
		D27CF693202E3FF800C0360E /* ProductTableViewCellViewModel.swift in Sources */ = {isa = PBXBuildFile; fileRef = D27CF68C202E3FF700C0360E /* ProductTableViewCellViewModel.swift */; };
		D27CF696202E403F00C0360E /* BasketViewController.swift in Sources */ = {isa = PBXBuildFile; fileRef = D27CF695202E403F00C0360E /* BasketViewController.swift */; };
		D2A47209202EFC9F0086DCCB /* PrimaryButton.swift in Sources */ = {isa = PBXBuildFile; fileRef = D2A47208202EFC9F0086DCCB /* PrimaryButton.swift */; };
		D2A4720C202F2E0C0086DCCB /* CheckoutViewController.swift in Sources */ = {isa = PBXBuildFile; fileRef = D2A4720B202F2E0C0086DCCB /* CheckoutViewController.swift */; };
		D2AC4E9B202B5505005B6DE7 /* LineItem.swift in Sources */ = {isa = PBXBuildFile; fileRef = D2AC4E9A202B5505005B6DE7 /* LineItem.swift */; };
		D2AC4EB5202B6B03005B6DE7 /* ProductRepository.swift in Sources */ = {isa = PBXBuildFile; fileRef = D2AC4EB4202B6B03005B6DE7 /* ProductRepository.swift */; };
		D2AC4EB8202B7239005B6DE7 /* InMemoryProductRepository.swift in Sources */ = {isa = PBXBuildFile; fileRef = D2AC4EB7202B7239005B6DE7 /* InMemoryProductRepository.swift */; };
		D2AC4EC2202B7B5B005B6DE7 /* CurrencyService.swift in Sources */ = {isa = PBXBuildFile; fileRef = D2AC4EC1202B7B5B005B6DE7 /* CurrencyService.swift */; };
		D2AC4EC5202B7C2E005B6DE7 /* JSONRatesCurrencyService.swift in Sources */ = {isa = PBXBuildFile; fileRef = D2AC4EC4202B7C2E005B6DE7 /* JSONRatesCurrencyService.swift */; };
		D2AC4ECC202B80A9005B6DE7 /* NetworkingConstants.swift in Sources */ = {isa = PBXBuildFile; fileRef = D2AC4ECB202B80A9005B6DE7 /* NetworkingConstants.swift */; };
		D2C7EF36202E516500573052 /* NavItemTitleView.swift in Sources */ = {isa = PBXBuildFile; fileRef = D2C7EF35202E516500573052 /* NavItemTitleView.swift */; };
		D2EB4BFD202F543700CE551E /* CheckoutTableViewCellViewModel.swift in Sources */ = {isa = PBXBuildFile; fileRef = D2EB4BFC202F543700CE551E /* CheckoutTableViewCellViewModel.swift */; };
		D2EB4C01202F5A2600CE551E /* UserDefaults+Currencies.swift in Sources */ = {isa = PBXBuildFile; fileRef = D2EB4C00202F5A2600CE551E /* UserDefaults+Currencies.swift */; };
		D2EB4C04202F5AE700CE551E /* Constants.swift in Sources */ = {isa = PBXBuildFile; fileRef = D2EB4C03202F5AE700CE551E /* Constants.swift */; };
		D2EB4C07202F673100CE551E /* CurrencyDTO.swift in Sources */ = {isa = PBXBuildFile; fileRef = D2EB4C06202F673100CE551E /* CurrencyDTO.swift */; };
		D2EB4C0A202F71CB00CE551E /* LocalizedLabel.swift in Sources */ = {isa = PBXBuildFile; fileRef = D2EB4C09202F71CB00CE551E /* LocalizedLabel.swift */; };
		D2EB4C14202F7C1000CE551E /* ConversionDTO.swift in Sources */ = {isa = PBXBuildFile; fileRef = D2EB4C13202F7C1000CE551E /* ConversionDTO.swift */; };
/* End PBXBuildFile section */

/* Begin PBXContainerItemProxy section */
		D2A1293C2030852C00DDAD4E /* PBXContainerItemProxy */ = {
			isa = PBXContainerItemProxy;
			containerPortal = D2153146202A3C1400F1879D /* Project object */;
			proxyType = 1;
			remoteGlobalIDString = D215314D202A3C1400F1879D;
			remoteInfo = "Shopping Basket";
		};
/* End PBXContainerItemProxy section */

/* Begin PBXFileReference section */
		D20B2DB620309C1D003E37ED /* ProductTests.swift */ = {isa = PBXFileReference; lastKnownFileType = sourcecode.swift; path = ProductTests.swift; sourceTree = "<group>"; };
		D20B2DBA2030A266003E37ED /* MoneyTests.swift */ = {isa = PBXFileReference; lastKnownFileType = sourcecode.swift; path = MoneyTests.swift; sourceTree = "<group>"; };
		D20EBACA202B976A007B699C /* NetworkingError.swift */ = {isa = PBXFileReference; lastKnownFileType = sourcecode.swift; path = NetworkingError.swift; sourceTree = "<group>"; };
		D20EBAD2202B9B0E007B699C /* en */ = {isa = PBXFileReference; lastKnownFileType = text.plist.strings; name = en; path = en.lproj/Localizable.strings; sourceTree = "<group>"; };
		D20EBAE0202B9F60007B699C /* ProductListViewController.swift */ = {isa = PBXFileReference; fileEncoding = 4; lastKnownFileType = sourcecode.swift; path = ProductListViewController.swift; sourceTree = "<group>"; };
		D20EBAE4202B9FD2007B699C /* UITableViewCell+Identifier.swift */ = {isa = PBXFileReference; lastKnownFileType = sourcecode.swift; path = "UITableViewCell+Identifier.swift"; sourceTree = "<group>"; };
		D215314E202A3C1400F1879D /* Shopping Basket.app */ = {isa = PBXFileReference; explicitFileType = wrapper.application; includeInIndex = 0; path = "Shopping Basket.app"; sourceTree = BUILT_PRODUCTS_DIR; };
		D2153151202A3C1400F1879D /* AppDelegate.swift */ = {isa = PBXFileReference; lastKnownFileType = sourcecode.swift; path = AppDelegate.swift; sourceTree = "<group>"; };
		D2153156202A3C1400F1879D /* Base */ = {isa = PBXFileReference; lastKnownFileType = file.storyboard; name = Base; path = Base.lproj/Main.storyboard; sourceTree = "<group>"; };
		D2153158202A3C1400F1879D /* Assets.xcassets */ = {isa = PBXFileReference; lastKnownFileType = folder.assetcatalog; path = Assets.xcassets; sourceTree = "<group>"; };
		D215315B202A3C1400F1879D /* Base */ = {isa = PBXFileReference; lastKnownFileType = file.storyboard; name = Base; path = Base.lproj/LaunchScreen.storyboard; sourceTree = "<group>"; };
		D215315D202A3C1400F1879D /* Info.plist */ = {isa = PBXFileReference; lastKnownFileType = text.plist.xml; path = Info.plist; sourceTree = "<group>"; };
		D215317E202A5D5800F1879D /* Product.swift */ = {isa = PBXFileReference; lastKnownFileType = sourcecode.swift; path = Product.swift; sourceTree = "<group>"; };
		D2153181202A5DA400F1879D /* Currency.swift */ = {isa = PBXFileReference; lastKnownFileType = sourcecode.swift; path = Currency.swift; sourceTree = "<group>"; };
		D2153184202A5E2100F1879D /* Money.swift */ = {isa = PBXFileReference; lastKnownFileType = sourcecode.swift; path = Money.swift; sourceTree = "<group>"; };
		D2153187202A5EF400F1879D /* Basket.swift */ = {isa = PBXFileReference; lastKnownFileType = sourcecode.swift; path = Basket.swift; sourceTree = "<group>"; };
		D2311CCB203086B500C047EA /* BasketTests.swift */ = {isa = PBXFileReference; lastKnownFileType = sourcecode.swift; path = BasketTests.swift; sourceTree = "<group>"; };
		D23B7049202CE22D00735E6D /* UIFont+ShoppingBasket.swift */ = {isa = PBXFileReference; lastKnownFileType = sourcecode.swift; path = "UIFont+ShoppingBasket.swift"; sourceTree = "<group>"; };
		D23B704D202CE47500735E6D /* UIColor+ShoppingBasket.swift */ = {isa = PBXFileReference; lastKnownFileType = sourcecode.swift; path = "UIColor+ShoppingBasket.swift"; sourceTree = "<group>"; };
		D23B7050202CE70D00735E6D /* UINavigationItem+AttributedTitle.swift */ = {isa = PBXFileReference; lastKnownFileType = sourcecode.swift; path = "UINavigationItem+AttributedTitle.swift"; sourceTree = "<group>"; };
		D23B7053202CEF3700735E6D /* Money+toString.swift */ = {isa = PBXFileReference; lastKnownFileType = sourcecode.swift; path = "Money+toString.swift"; sourceTree = "<group>"; };
		D25060A9202F5260007641C9 /* CheckoutTableViewCell.swift */ = {isa = PBXFileReference; lastKnownFileType = sourcecode.swift; path = CheckoutTableViewCell.swift; sourceTree = "<group>"; };
		D25060AC202F5278007641C9 /* CheckoutTableViewCell.xib */ = {isa = PBXFileReference; lastKnownFileType = file.xib; path = CheckoutTableViewCell.xib; sourceTree = "<group>"; };
		D27CF688202E3FF700C0360E /* ProductTableView.swift */ = {isa = PBXFileReference; fileEncoding = 4; lastKnownFileType = sourcecode.swift; path = ProductTableView.swift; sourceTree = "<group>"; };
		D27CF68A202E3FF700C0360E /* ProductTableViewCell.swift */ = {isa = PBXFileReference; fileEncoding = 4; lastKnownFileType = sourcecode.swift; path = ProductTableViewCell.swift; sourceTree = "<group>"; };
		D27CF68B202E3FF700C0360E /* ProductTableViewCell.xib */ = {isa = PBXFileReference; fileEncoding = 4; lastKnownFileType = file.xib; path = ProductTableViewCell.xib; sourceTree = "<group>"; };
		D27CF68C202E3FF700C0360E /* ProductTableViewCellViewModel.swift */ = {isa = PBXFileReference; fileEncoding = 4; lastKnownFileType = sourcecode.swift; path = ProductTableViewCellViewModel.swift; sourceTree = "<group>"; };
		D27CF695202E403F00C0360E /* BasketViewController.swift */ = {isa = PBXFileReference; lastKnownFileType = sourcecode.swift; path = BasketViewController.swift; sourceTree = "<group>"; };
		D2A129372030852C00DDAD4E /* Shopping BasketTests.xctest */ = {isa = PBXFileReference; explicitFileType = wrapper.cfbundle; includeInIndex = 0; path = "Shopping BasketTests.xctest"; sourceTree = BUILT_PRODUCTS_DIR; };
		D2A1293B2030852C00DDAD4E /* Info.plist */ = {isa = PBXFileReference; lastKnownFileType = text.plist.xml; path = Info.plist; sourceTree = "<group>"; };
		D2A47208202EFC9F0086DCCB /* PrimaryButton.swift */ = {isa = PBXFileReference; lastKnownFileType = sourcecode.swift; path = PrimaryButton.swift; sourceTree = "<group>"; };
		D2A4720B202F2E0C0086DCCB /* CheckoutViewController.swift */ = {isa = PBXFileReference; lastKnownFileType = sourcecode.swift; path = CheckoutViewController.swift; sourceTree = "<group>"; };
		D2AC4E9A202B5505005B6DE7 /* LineItem.swift */ = {isa = PBXFileReference; lastKnownFileType = sourcecode.swift; path = LineItem.swift; sourceTree = "<group>"; };
		D2AC4EB4202B6B03005B6DE7 /* ProductRepository.swift */ = {isa = PBXFileReference; lastKnownFileType = sourcecode.swift; path = ProductRepository.swift; sourceTree = "<group>"; };
		D2AC4EB7202B7239005B6DE7 /* InMemoryProductRepository.swift */ = {isa = PBXFileReference; lastKnownFileType = sourcecode.swift; path = InMemoryProductRepository.swift; sourceTree = "<group>"; };
		D2AC4EC1202B7B5B005B6DE7 /* CurrencyService.swift */ = {isa = PBXFileReference; lastKnownFileType = sourcecode.swift; path = CurrencyService.swift; sourceTree = "<group>"; };
		D2AC4EC4202B7C2E005B6DE7 /* JSONRatesCurrencyService.swift */ = {isa = PBXFileReference; lastKnownFileType = sourcecode.swift; path = JSONRatesCurrencyService.swift; sourceTree = "<group>"; };
		D2AC4ECB202B80A9005B6DE7 /* NetworkingConstants.swift */ = {isa = PBXFileReference; lastKnownFileType = sourcecode.swift; path = NetworkingConstants.swift; sourceTree = "<group>"; };
		D2C7EF35202E516500573052 /* NavItemTitleView.swift */ = {isa = PBXFileReference; lastKnownFileType = sourcecode.swift; path = NavItemTitleView.swift; sourceTree = "<group>"; };
		D2EB4BFC202F543700CE551E /* CheckoutTableViewCellViewModel.swift */ = {isa = PBXFileReference; lastKnownFileType = sourcecode.swift; path = CheckoutTableViewCellViewModel.swift; sourceTree = "<group>"; };
		D2EB4C00202F5A2600CE551E /* UserDefaults+Currencies.swift */ = {isa = PBXFileReference; lastKnownFileType = sourcecode.swift; path = "UserDefaults+Currencies.swift"; sourceTree = "<group>"; };
		D2EB4C03202F5AE700CE551E /* Constants.swift */ = {isa = PBXFileReference; lastKnownFileType = sourcecode.swift; path = Constants.swift; sourceTree = "<group>"; };
		D2EB4C06202F673100CE551E /* CurrencyDTO.swift */ = {isa = PBXFileReference; lastKnownFileType = sourcecode.swift; path = CurrencyDTO.swift; sourceTree = "<group>"; };
		D2EB4C09202F71CB00CE551E /* LocalizedLabel.swift */ = {isa = PBXFileReference; lastKnownFileType = sourcecode.swift; path = LocalizedLabel.swift; sourceTree = "<group>"; };
		D2EB4C13202F7C1000CE551E /* ConversionDTO.swift */ = {isa = PBXFileReference; lastKnownFileType = sourcecode.swift; path = ConversionDTO.swift; sourceTree = "<group>"; };
/* End PBXFileReference section */

/* Begin PBXFrameworksBuildPhase section */
		D215314B202A3C1400F1879D /* Frameworks */ = {
			isa = PBXFrameworksBuildPhase;
			buildActionMask = 2147483647;
			files = (
			);
			runOnlyForDeploymentPostprocessing = 0;
		};
		D2A129342030852C00DDAD4E /* Frameworks */ = {
			isa = PBXFrameworksBuildPhase;
			buildActionMask = 2147483647;
			files = (
			);
			runOnlyForDeploymentPostprocessing = 0;
		};
/* End PBXFrameworksBuildPhase section */

/* Begin PBXGroup section */
		D20EBAD4202B9E8D007B699C /* Common Views */ = {
			isa = PBXGroup;
			children = (
				D27CF687202E3FF700C0360E /* ProductTableView */,
				D2C7EF35202E516500573052 /* NavItemTitleView.swift */,
				D2A47208202EFC9F0086DCCB /* PrimaryButton.swift */,
				D2EB4C09202F71CB00CE551E /* LocalizedLabel.swift */,
			);
			path = "Common Views";
			sourceTree = "<group>";
		};
		D20EBADF202B9F60007B699C /* Screens */ = {
			isa = PBXGroup;
			children = (
				D20EBAE0202B9F60007B699C /* ProductListViewController.swift */,
				D27CF695202E403F00C0360E /* BasketViewController.swift */,
				D25060A8202F50B0007641C9 /* CheckoutViewController */,
			);
			path = Screens;
			sourceTree = "<group>";
		};
		D20EBAE3202B9FAB007B699C /* Extensions */ = {
			isa = PBXGroup;
			children = (
				D20EBAE4202B9FD2007B699C /* UITableViewCell+Identifier.swift */,
				D23B7049202CE22D00735E6D /* UIFont+ShoppingBasket.swift */,
				D23B704D202CE47500735E6D /* UIColor+ShoppingBasket.swift */,
				D23B7050202CE70D00735E6D /* UINavigationItem+AttributedTitle.swift */,
				D23B7053202CEF3700735E6D /* Money+toString.swift */,
				D2EB4C00202F5A2600CE551E /* UserDefaults+Currencies.swift */,
			);
			path = Extensions;
			sourceTree = "<group>";
		};
		D2153145202A3C1400F1879D = {
			isa = PBXGroup;
			children = (
				D2153150202A3C1400F1879D /* Shopping Basket */,
				D2153171202A3CD200F1879D /* Supporting Files */,
				D2A129382030852C00DDAD4E /* Shopping BasketTests */,
				D215314F202A3C1400F1879D /* Products */,
			);
			sourceTree = "<group>";
		};
		D215314F202A3C1400F1879D /* Products */ = {
			isa = PBXGroup;
			children = (
				D215314E202A3C1400F1879D /* Shopping Basket.app */,
				D2A129372030852C00DDAD4E /* Shopping BasketTests.xctest */,
			);
			name = Products;
			sourceTree = "<group>";
		};
		D2153150202A3C1400F1879D /* Shopping Basket */ = {
			isa = PBXGroup;
			children = (
				D20EBAE3202B9FAB007B699C /* Extensions */,
				D20EBAD4202B9E8D007B699C /* Common Views */,
				D2AC4EC0202B7AF0005B6DE7 /* Networking */,
				D2AC4EB3202B6A21005B6DE7 /* Repositories */,
				D215317D202A5D4B00F1879D /* Model */,
				D20EBADF202B9F60007B699C /* Screens */,
				D2153155202A3C1400F1879D /* Main.storyboard */,
				D215315D202A3C1400F1879D /* Info.plist */,
				D2EB4C03202F5AE700CE551E /* Constants.swift */,
			);
			path = "Shopping Basket";
			sourceTree = "<group>";
		};
		D2153171202A3CD200F1879D /* Supporting Files */ = {
			isa = PBXGroup;
			children = (
				D2153158202A3C1400F1879D /* Assets.xcassets */,
				D2153151202A3C1400F1879D /* AppDelegate.swift */,
				D215315A202A3C1400F1879D /* LaunchScreen.storyboard */,
				D20EBAD3202B9B0E007B699C /* Localizable.strings */,
			);
			path = "Supporting Files";
			sourceTree = "<group>";
		};
		D215317D202A5D4B00F1879D /* Model */ = {
			isa = PBXGroup;
			children = (
				D215317E202A5D5800F1879D /* Product.swift */,
				D2153184202A5E2100F1879D /* Money.swift */,
				D2153181202A5DA400F1879D /* Currency.swift */,
				D2153187202A5EF400F1879D /* Basket.swift */,
				D2AC4E9A202B5505005B6DE7 /* LineItem.swift */,
			);
			path = Model;
			sourceTree = "<group>";
		};
		D25060A8202F50B0007641C9 /* CheckoutViewController */ = {
			isa = PBXGroup;
			children = (
				D2A4720B202F2E0C0086DCCB /* CheckoutViewController.swift */,
				D2EB4BFF202F550B00CE551E /* CheckoutTableCell */,
			);
			path = CheckoutViewController;
			sourceTree = "<group>";
		};
		D27CF687202E3FF700C0360E /* ProductTableView */ = {
			isa = PBXGroup;
			children = (
				D27CF688202E3FF700C0360E /* ProductTableView.swift */,
				D27CF689202E3FF700C0360E /* ProductTableViewCell */,
			);
			path = ProductTableView;
			sourceTree = "<group>";
		};
		D27CF689202E3FF700C0360E /* ProductTableViewCell */ = {
			isa = PBXGroup;
			children = (
				D27CF68A202E3FF700C0360E /* ProductTableViewCell.swift */,
				D27CF68B202E3FF700C0360E /* ProductTableViewCell.xib */,
				D27CF68C202E3FF700C0360E /* ProductTableViewCellViewModel.swift */,
			);
			path = ProductTableViewCell;
			sourceTree = "<group>";
		};
		D2A129382030852C00DDAD4E /* Shopping BasketTests */ = {
			isa = PBXGroup;
			children = (
				D2311CCB203086B500C047EA /* BasketTests.swift */,
				D20B2DB620309C1D003E37ED /* ProductTests.swift */,
				D20B2DBA2030A266003E37ED /* MoneyTests.swift */,
				D2A1293B2030852C00DDAD4E /* Info.plist */,
			);
			path = "Shopping BasketTests";
			sourceTree = "<group>";
		};
		D2AC4EB3202B6A21005B6DE7 /* Repositories */ = {
			isa = PBXGroup;
			children = (
				D2AC4EB4202B6B03005B6DE7 /* ProductRepository.swift */,
				D2AC4EB7202B7239005B6DE7 /* InMemoryProductRepository.swift */,
			);
			path = Repositories;
			sourceTree = "<group>";
		};
		D2AC4EC0202B7AF0005B6DE7 /* Networking */ = {
			isa = PBXGroup;
			children = (
				D2AC4EC7202B7F12005B6DE7 /* JSONRates */,
				D2AC4EC1202B7B5B005B6DE7 /* CurrencyService.swift */,
				D2AC4ECB202B80A9005B6DE7 /* NetworkingConstants.swift */,
				D20EBACA202B976A007B699C /* NetworkingError.swift */,
			);
			path = Networking;
			sourceTree = "<group>";
		};
		D2AC4EC7202B7F12005B6DE7 /* JSONRates */ = {
			isa = PBXGroup;
			children = (
				D2AC4EC4202B7C2E005B6DE7 /* JSONRatesCurrencyService.swift */,
				D2EB4C06202F673100CE551E /* CurrencyDTO.swift */,
				D2EB4C13202F7C1000CE551E /* ConversionDTO.swift */,
			);
			path = JSONRates;
			sourceTree = "<group>";
		};
		D2EB4BFF202F550B00CE551E /* CheckoutTableCell */ = {
			isa = PBXGroup;
			children = (
				D25060A9202F5260007641C9 /* CheckoutTableViewCell.swift */,
				D25060AC202F5278007641C9 /* CheckoutTableViewCell.xib */,
				D2EB4BFC202F543700CE551E /* CheckoutTableViewCellViewModel.swift */,
			);
			path = CheckoutTableCell;
			sourceTree = "<group>";
		};
/* End PBXGroup section */

/* Begin PBXNativeTarget section */
		D215314D202A3C1400F1879D /* Shopping Basket */ = {
			isa = PBXNativeTarget;
			buildConfigurationList = D215316B202A3C1400F1879D /* Build configuration list for PBXNativeTarget "Shopping Basket" */;
			buildPhases = (
				D215314A202A3C1400F1879D /* Sources */,
				D215314B202A3C1400F1879D /* Frameworks */,
				D215314C202A3C1400F1879D /* Resources */,
			);
			buildRules = (
			);
			dependencies = (
			);
			name = "Shopping Basket";
			productName = "Shopping Basket";
			productReference = D215314E202A3C1400F1879D /* Shopping Basket.app */;
			productType = "com.apple.product-type.application";
		};
		D2A129362030852C00DDAD4E /* Shopping BasketTests */ = {
			isa = PBXNativeTarget;
			buildConfigurationList = D2A1293E2030852C00DDAD4E /* Build configuration list for PBXNativeTarget "Shopping BasketTests" */;
			buildPhases = (
				D2A129332030852C00DDAD4E /* Sources */,
				D2A129342030852C00DDAD4E /* Frameworks */,
				D2A129352030852C00DDAD4E /* Resources */,
			);
			buildRules = (
			);
			dependencies = (
				D2A1293D2030852C00DDAD4E /* PBXTargetDependency */,
			);
			name = "Shopping BasketTests";
			productName = "Shopping BasketTests";
			productReference = D2A129372030852C00DDAD4E /* Shopping BasketTests.xctest */;
			productType = "com.apple.product-type.bundle.unit-test";
		};
/* End PBXNativeTarget section */

/* Begin PBXProject section */
		D2153146202A3C1400F1879D /* Project object */ = {
			isa = PBXProject;
			attributes = {
				LastSwiftUpdateCheck = 0920;
				LastUpgradeCheck = 0920;
				ORGANIZATIONNAME = "Mateja Škrapec";
				TargetAttributes = {
					D215314D202A3C1400F1879D = {
						CreatedOnToolsVersion = 9.2;
						ProvisioningStyle = Automatic;
					};
					D2A129362030852C00DDAD4E = {
						CreatedOnToolsVersion = 9.2;
						ProvisioningStyle = Automatic;
						TestTargetID = D215314D202A3C1400F1879D;
					};
				};
			};
			buildConfigurationList = D2153149202A3C1400F1879D /* Build configuration list for PBXProject "Shopping Basket" */;
			compatibilityVersion = "Xcode 8.0";
			developmentRegion = en;
			hasScannedForEncodings = 0;
			knownRegions = (
				en,
				Base,
			);
			mainGroup = D2153145202A3C1400F1879D;
			productRefGroup = D215314F202A3C1400F1879D /* Products */;
			projectDirPath = "";
			projectRoot = "";
			targets = (
				D215314D202A3C1400F1879D /* Shopping Basket */,
				D2A129362030852C00DDAD4E /* Shopping BasketTests */,
			);
		};
/* End PBXProject section */

/* Begin PBXResourcesBuildPhase section */
		D215314C202A3C1400F1879D /* Resources */ = {
			isa = PBXResourcesBuildPhase;
			buildActionMask = 2147483647;
			files = (
				D215315C202A3C1400F1879D /* LaunchScreen.storyboard in Resources */,
				D25060AD202F5278007641C9 /* CheckoutTableViewCell.xib in Resources */,
				D20EBAD0202B9B0E007B699C /* Localizable.strings in Resources */,
				D27CF691202E3FF800C0360E /* ProductTableViewCell.xib in Resources */,
				D2153159202A3C1400F1879D /* Assets.xcassets in Resources */,
				D2153157202A3C1400F1879D /* Main.storyboard in Resources */,
			);
			runOnlyForDeploymentPostprocessing = 0;
		};
		D2A129352030852C00DDAD4E /* Resources */ = {
			isa = PBXResourcesBuildPhase;
			buildActionMask = 2147483647;
			files = (
			);
			runOnlyForDeploymentPostprocessing = 0;
		};
/* End PBXResourcesBuildPhase section */

/* Begin PBXSourcesBuildPhase section */
		D215314A202A3C1400F1879D /* Sources */ = {
			isa = PBXSourcesBuildPhase;
			buildActionMask = 2147483647;
			files = (
				D2AC4EB8202B7239005B6DE7 /* InMemoryProductRepository.swift in Sources */,
				D2AC4EB5202B6B03005B6DE7 /* ProductRepository.swift in Sources */,
				D2C7EF36202E516500573052 /* NavItemTitleView.swift in Sources */,
				D27CF68F202E3FF800C0360E /* ProductTableViewCell.swift in Sources */,
				D20EBACB202B976A007B699C /* NetworkingError.swift in Sources */,
				D2EB4C04202F5AE700CE551E /* Constants.swift in Sources */,
				D2AC4E9B202B5505005B6DE7 /* LineItem.swift in Sources */,
				D2AC4EC5202B7C2E005B6DE7 /* JSONRatesCurrencyService.swift in Sources */,
				D20EBAE1202B9F60007B699C /* ProductListViewController.swift in Sources */,
				D2153182202A5DA400F1879D /* Currency.swift in Sources */,
				D25060AA202F5260007641C9 /* CheckoutTableViewCell.swift in Sources */,
				D23B7051202CE70D00735E6D /* UINavigationItem+AttributedTitle.swift in Sources */,
				D27CF68D202E3FF700C0360E /* ProductTableView.swift in Sources */,
				D2A47209202EFC9F0086DCCB /* PrimaryButton.swift in Sources */,
				D2153188202A5EF400F1879D /* Basket.swift in Sources */,
				D2A4720C202F2E0C0086DCCB /* CheckoutViewController.swift in Sources */,
				D2EB4C07202F673100CE551E /* CurrencyDTO.swift in Sources */,
				D2EB4C14202F7C1000CE551E /* ConversionDTO.swift in Sources */,
				D2EB4BFD202F543700CE551E /* CheckoutTableViewCellViewModel.swift in Sources */,
				D27CF693202E3FF800C0360E /* ProductTableViewCellViewModel.swift in Sources */,
				D2153185202A5E2100F1879D /* Money.swift in Sources */,
				D2AC4EC2202B7B5B005B6DE7 /* CurrencyService.swift in Sources */,
				D2EB4C01202F5A2600CE551E /* UserDefaults+Currencies.swift in Sources */,
				D2AC4ECC202B80A9005B6DE7 /* NetworkingConstants.swift in Sources */,
				D23B7054202CEF3700735E6D /* Money+toString.swift in Sources */,
				D2153152202A3C1400F1879D /* AppDelegate.swift in Sources */,
				D20EBAE5202B9FD2007B699C /* UITableViewCell+Identifier.swift in Sources */,
				D23B704A202CE22D00735E6D /* UIFont+ShoppingBasket.swift in Sources */,
				D2EB4C0A202F71CB00CE551E /* LocalizedLabel.swift in Sources */,
				D215317F202A5D5800F1879D /* Product.swift in Sources */,
				D27CF696202E403F00C0360E /* BasketViewController.swift in Sources */,
				D23B704E202CE47500735E6D /* UIColor+ShoppingBasket.swift in Sources */,
			);
			runOnlyForDeploymentPostprocessing = 0;
		};
		D2A129332030852C00DDAD4E /* Sources */ = {
			isa = PBXSourcesBuildPhase;
			buildActionMask = 2147483647;
			files = (
				D2311CCC203086B500C047EA /* BasketTests.swift in Sources */,
				D20B2DB720309C1D003E37ED /* ProductTests.swift in Sources */,
				D20B2DBB2030A266003E37ED /* MoneyTests.swift in Sources */,
			);
			runOnlyForDeploymentPostprocessing = 0;
		};
/* End PBXSourcesBuildPhase section */

/* Begin PBXTargetDependency section */
		D2A1293D2030852C00DDAD4E /* PBXTargetDependency */ = {
			isa = PBXTargetDependency;
			target = D215314D202A3C1400F1879D /* Shopping Basket */;
			targetProxy = D2A1293C2030852C00DDAD4E /* PBXContainerItemProxy */;
		};
/* End PBXTargetDependency section */

/* Begin PBXVariantGroup section */
		D20EBAD3202B9B0E007B699C /* Localizable.strings */ = {
			isa = PBXVariantGroup;
			children = (
				D20EBAD2202B9B0E007B699C /* en */,
			);
			name = Localizable.strings;
			sourceTree = "<group>";
		};
		D2153155202A3C1400F1879D /* Main.storyboard */ = {
			isa = PBXVariantGroup;
			children = (
				D2153156202A3C1400F1879D /* Base */,
			);
			name = Main.storyboard;
			sourceTree = "<group>";
		};
		D215315A202A3C1400F1879D /* LaunchScreen.storyboard */ = {
			isa = PBXVariantGroup;
			children = (
				D215315B202A3C1400F1879D /* Base */,
			);
			name = LaunchScreen.storyboard;
			sourceTree = "<group>";
		};
/* End PBXVariantGroup section */

/* Begin XCBuildConfiguration section */
		D2153169202A3C1400F1879D /* Debug */ = {
			isa = XCBuildConfiguration;
			buildSettings = {
				ALWAYS_SEARCH_USER_PATHS = NO;
				CLANG_ANALYZER_NONNULL = YES;
				CLANG_ANALYZER_NUMBER_OBJECT_CONVERSION = YES_AGGRESSIVE;
				CLANG_CXX_LANGUAGE_STANDARD = "gnu++14";
				CLANG_CXX_LIBRARY = "libc++";
				CLANG_ENABLE_MODULES = YES;
				CLANG_ENABLE_OBJC_ARC = YES;
				CLANG_WARN_BLOCK_CAPTURE_AUTORELEASING = YES;
				CLANG_WARN_BOOL_CONVERSION = YES;
				CLANG_WARN_COMMA = YES;
				CLANG_WARN_CONSTANT_CONVERSION = YES;
				CLANG_WARN_DIRECT_OBJC_ISA_USAGE = YES_ERROR;
				CLANG_WARN_DOCUMENTATION_COMMENTS = YES;
				CLANG_WARN_EMPTY_BODY = YES;
				CLANG_WARN_ENUM_CONVERSION = YES;
				CLANG_WARN_INFINITE_RECURSION = YES;
				CLANG_WARN_INT_CONVERSION = YES;
				CLANG_WARN_NON_LITERAL_NULL_CONVERSION = YES;
				CLANG_WARN_OBJC_LITERAL_CONVERSION = YES;
				CLANG_WARN_OBJC_ROOT_CLASS = YES_ERROR;
				CLANG_WARN_RANGE_LOOP_ANALYSIS = YES;
				CLANG_WARN_STRICT_PROTOTYPES = YES;
				CLANG_WARN_SUSPICIOUS_MOVE = YES;
				CLANG_WARN_UNGUARDED_AVAILABILITY = YES_AGGRESSIVE;
				CLANG_WARN_UNREACHABLE_CODE = YES;
				CLANG_WARN__DUPLICATE_METHOD_MATCH = YES;
				CODE_SIGN_IDENTITY = "iPhone Developer";
				COPY_PHASE_STRIP = NO;
				DEBUG_INFORMATION_FORMAT = dwarf;
				DEFINES_MODULE = YES;
				ENABLE_STRICT_OBJC_MSGSEND = YES;
				ENABLE_TESTABILITY = YES;
				GCC_C_LANGUAGE_STANDARD = gnu11;
				GCC_DYNAMIC_NO_PIC = NO;
				GCC_NO_COMMON_BLOCKS = YES;
				GCC_OPTIMIZATION_LEVEL = 0;
				GCC_PREPROCESSOR_DEFINITIONS = (
					"DEBUG=1",
					"$(inherited)",
				);
				GCC_WARN_64_TO_32_BIT_CONVERSION = YES;
				GCC_WARN_ABOUT_RETURN_TYPE = YES_ERROR;
				GCC_WARN_UNDECLARED_SELECTOR = YES;
				GCC_WARN_UNINITIALIZED_AUTOS = YES_AGGRESSIVE;
				GCC_WARN_UNUSED_FUNCTION = YES;
				GCC_WARN_UNUSED_VARIABLE = YES;
				IPHONEOS_DEPLOYMENT_TARGET = 11.0;
				MTL_ENABLE_DEBUG_INFO = YES;
				ONLY_ACTIVE_ARCH = YES;
				SDKROOT = iphoneos;
				SWIFT_ACTIVE_COMPILATION_CONDITIONS = DEBUG;
				SWIFT_OPTIMIZATION_LEVEL = "-Onone";
			};
			name = Debug;
		};
		D215316A202A3C1400F1879D /* Release */ = {
			isa = XCBuildConfiguration;
			buildSettings = {
				ALWAYS_SEARCH_USER_PATHS = NO;
				CLANG_ANALYZER_NONNULL = YES;
				CLANG_ANALYZER_NUMBER_OBJECT_CONVERSION = YES_AGGRESSIVE;
				CLANG_CXX_LANGUAGE_STANDARD = "gnu++14";
				CLANG_CXX_LIBRARY = "libc++";
				CLANG_ENABLE_MODULES = YES;
				CLANG_ENABLE_OBJC_ARC = YES;
				CLANG_WARN_BLOCK_CAPTURE_AUTORELEASING = YES;
				CLANG_WARN_BOOL_CONVERSION = YES;
				CLANG_WARN_COMMA = YES;
				CLANG_WARN_CONSTANT_CONVERSION = YES;
				CLANG_WARN_DIRECT_OBJC_ISA_USAGE = YES_ERROR;
				CLANG_WARN_DOCUMENTATION_COMMENTS = YES;
				CLANG_WARN_EMPTY_BODY = YES;
				CLANG_WARN_ENUM_CONVERSION = YES;
				CLANG_WARN_INFINITE_RECURSION = YES;
				CLANG_WARN_INT_CONVERSION = YES;
				CLANG_WARN_NON_LITERAL_NULL_CONVERSION = YES;
				CLANG_WARN_OBJC_LITERAL_CONVERSION = YES;
				CLANG_WARN_OBJC_ROOT_CLASS = YES_ERROR;
				CLANG_WARN_RANGE_LOOP_ANALYSIS = YES;
				CLANG_WARN_STRICT_PROTOTYPES = YES;
				CLANG_WARN_SUSPICIOUS_MOVE = YES;
				CLANG_WARN_UNGUARDED_AVAILABILITY = YES_AGGRESSIVE;
				CLANG_WARN_UNREACHABLE_CODE = YES;
				CLANG_WARN__DUPLICATE_METHOD_MATCH = YES;
				CODE_SIGN_IDENTITY = "iPhone Developer";
				COPY_PHASE_STRIP = NO;
				DEBUG_INFORMATION_FORMAT = "dwarf-with-dsym";
				DEFINES_MODULE = YES;
				ENABLE_NS_ASSERTIONS = NO;
				ENABLE_STRICT_OBJC_MSGSEND = YES;
				ENABLE_TESTABILITY = YES;
				GCC_C_LANGUAGE_STANDARD = gnu11;
				GCC_NO_COMMON_BLOCKS = YES;
				GCC_WARN_64_TO_32_BIT_CONVERSION = YES;
				GCC_WARN_ABOUT_RETURN_TYPE = YES_ERROR;
				GCC_WARN_UNDECLARED_SELECTOR = YES;
				GCC_WARN_UNINITIALIZED_AUTOS = YES_AGGRESSIVE;
				GCC_WARN_UNUSED_FUNCTION = YES;
				GCC_WARN_UNUSED_VARIABLE = YES;
				IPHONEOS_DEPLOYMENT_TARGET = 11.0;
				MTL_ENABLE_DEBUG_INFO = NO;
				SDKROOT = iphoneos;
				SWIFT_OPTIMIZATION_LEVEL = "-Owholemodule";
				VALIDATE_PRODUCT = YES;
			};
			name = Release;
		};
		D215316C202A3C1400F1879D /* Debug */ = {
			isa = XCBuildConfiguration;
			buildSettings = {
				ASSETCATALOG_COMPILER_APPICON_NAME = AppIcon;
				CODE_SIGN_STYLE = Automatic;
				DEFINES_MODULE = YES;
				DEVELOPMENT_TEAM = DY2X6UG4ES;
				ENABLE_TESTABILITY = YES;
				INFOPLIST_FILE = "Shopping Basket/Info.plist";
				IPHONEOS_DEPLOYMENT_TARGET = 11.0;
				LD_RUNPATH_SEARCH_PATHS = "$(inherited) @executable_path/Frameworks";
				PRODUCT_BUNDLE_IDENTIFIER = "com.mateja.exercise.Shopping-Basket";
				PRODUCT_NAME = "$(TARGET_NAME)";
				SWIFT_VERSION = 4.0;
				TARGETED_DEVICE_FAMILY = "1,2";
			};
			name = Debug;
		};
		D215316D202A3C1400F1879D /* Release */ = {
			isa = XCBuildConfiguration;
			buildSettings = {
				ASSETCATALOG_COMPILER_APPICON_NAME = AppIcon;
				CODE_SIGN_STYLE = Automatic;
				DEFINES_MODULE = YES;
				DEVELOPMENT_TEAM = DY2X6UG4ES;
				ENABLE_TESTABILITY = YES;
				INFOPLIST_FILE = "Shopping Basket/Info.plist";
				IPHONEOS_DEPLOYMENT_TARGET = 11.0;
				LD_RUNPATH_SEARCH_PATHS = "$(inherited) @executable_path/Frameworks";
				PRODUCT_BUNDLE_IDENTIFIER = "com.mateja.exercise.Shopping-Basket";
				PRODUCT_NAME = "$(TARGET_NAME)";
				SWIFT_VERSION = 4.0;
				TARGETED_DEVICE_FAMILY = "1,2";
			};
			name = Release;
		};
		D2A1293F2030852C00DDAD4E /* Debug */ = {
			isa = XCBuildConfiguration;
			buildSettings = {
				BUNDLE_LOADER = "$(TEST_HOST)";
				CODE_SIGN_STYLE = Automatic;
				DEFINES_MODULE = NO;
				DEVELOPMENT_TEAM = DY2X6UG4ES;
				ENABLE_TESTABILITY = YES;
				INFOPLIST_FILE = "Shopping BasketTests/Info.plist";
				IPHONEOS_DEPLOYMENT_TARGET = 11.0;
				LD_RUNPATH_SEARCH_PATHS = "$(inherited) @executable_path/Frameworks @loader_path/Frameworks";
				PRODUCT_BUNDLE_IDENTIFIER = "com.mateja.exercise.Shopping-BasketTests";
				PRODUCT_NAME = "$(TARGET_NAME)";
				SWIFT_VERSION = 4.0;
				TARGETED_DEVICE_FAMILY = "1,2";
				TEST_HOST = "$(BUILT_PRODUCTS_DIR)/Shopping Basket.app/Shopping Basket";
			};
			name = Debug;
		};
		D2A129402030852C00DDAD4E /* Release */ = {
			isa = XCBuildConfiguration;
			buildSettings = {
				BUNDLE_LOADER = "$(TEST_HOST)";
				CODE_SIGN_STYLE = Automatic;
				DEVELOPMENT_TEAM = DY2X6UG4ES;
				ENABLE_TESTABILITY = YES;
				INFOPLIST_FILE = "Shopping BasketTests/Info.plist";
				IPHONEOS_DEPLOYMENT_TARGET = 11.0;
				LD_RUNPATH_SEARCH_PATHS = "$(inherited) @executable_path/Frameworks @loader_path/Frameworks";
				PRODUCT_BUNDLE_IDENTIFIER = "com.mateja.exercise.Shopping-BasketTests";
				PRODUCT_NAME = "$(TARGET_NAME)";
				SWIFT_VERSION = 4.0;
				TARGETED_DEVICE_FAMILY = "1,2";
				TEST_HOST = "$(BUILT_PRODUCTS_DIR)/Shopping Basket.app/Shopping Basket";
			};
			name = Release;
		};
/* End XCBuildConfiguration section */

/* Begin XCConfigurationList section */
		D2153149202A3C1400F1879D /* Build configuration list for PBXProject "Shopping Basket" */ = {
			isa = XCConfigurationList;
			buildConfigurations = (
				D2153169202A3C1400F1879D /* Debug */,
				D215316A202A3C1400F1879D /* Release */,
			);
			defaultConfigurationIsVisible = 0;
			defaultConfigurationName = Release;
		};
		D215316B202A3C1400F1879D /* Build configuration list for PBXNativeTarget "Shopping Basket" */ = {
			isa = XCConfigurationList;
			buildConfigurations = (
				D215316C202A3C1400F1879D /* Debug */,
				D215316D202A3C1400F1879D /* Release */,
			);
			defaultConfigurationIsVisible = 0;
			defaultConfigurationName = Release;
		};
		D2A1293E2030852C00DDAD4E /* Build configuration list for PBXNativeTarget "Shopping BasketTests" */ = {
			isa = XCConfigurationList;
			buildConfigurations = (
				D2A1293F2030852C00DDAD4E /* Debug */,
				D2A129402030852C00DDAD4E /* Release */,
			);
			defaultConfigurationIsVisible = 0;
			defaultConfigurationName = Release;
		};
/* End XCConfigurationList section */
	};
	rootObject = D2153146202A3C1400F1879D /* Project object */;
}
